// !$*UTF8*$!
{
	archiveVersion = 1;
	classes = {
	};
	objectVersion = 46;
	objects = {

/* Begin PBXBuildFile section */
		BB27F4721B165F050042F353 /* QuestionsLibrary.swift in Sources */ = {isa = PBXBuildFile; fileRef = BB27F4711B165F050042F353 /* QuestionsLibrary.swift */; };
		BB3140141B34CC4800B47423 /* FuckingWorkAlreadyViewController.swift in Sources */ = {isa = PBXBuildFile; fileRef = BB3140131B34CC4800B47423 /* FuckingWorkAlreadyViewController.swift */; };
		BB3140191B34CC7C00B47423 /* Main.storyboard in Resources */ = {isa = PBXBuildFile; fileRef = BB3140171B34CC7C00B47423 /* Main.storyboard */; };
		BB60310D1B2126D400340173 /* TwoImagesSelect.swift in Sources */ = {isa = PBXBuildFile; fileRef = BB60310C1B2126D400340173 /* TwoImagesSelect.swift */; };
		BB608F871B14E20A008FB8F6 /* AppDelegate.swift in Sources */ = {isa = PBXBuildFile; fileRef = BB608F861B14E20A008FB8F6 /* AppDelegate.swift */; };
		BB608F891B14E20A008FB8F6 /* DragAndDrop.swift in Sources */ = {isa = PBXBuildFile; fileRef = BB608F881B14E20A008FB8F6 /* DragAndDrop.swift */; };
		BB608F8E1B14E20A008FB8F6 /* Images.xcassets in Resources */ = {isa = PBXBuildFile; fileRef = BB608F8D1B14E20A008FB8F6 /* Images.xcassets */; };
		BB608F911B14E20A008FB8F6 /* LaunchScreen.xib in Resources */ = {isa = PBXBuildFile; fileRef = BB608F8F1B14E20A008FB8F6 /* LaunchScreen.xib */; };
		BB608F9D1B14E20A008FB8F6 /* TestingTests.swift in Sources */ = {isa = PBXBuildFile; fileRef = BB608F9C1B14E20A008FB8F6 /* TestingTests.swift */; };
		BBBA84BA1B2B4DF800AFC220 /* ThreeImagesSelect.swift in Sources */ = {isa = PBXBuildFile; fileRef = BBBA84B91B2B4DF800AFC220 /* ThreeImagesSelect.swift */; };
/* End PBXBuildFile section */

/* Begin PBXContainerItemProxy section */
		BB608F971B14E20A008FB8F6 /* PBXContainerItemProxy */ = {
			isa = PBXContainerItemProxy;
			containerPortal = BB608F791B14E20A008FB8F6 /* Project object */;
			proxyType = 1;
			remoteGlobalIDString = BB608F801B14E20A008FB8F6;
			remoteInfo = Testing;
		};
/* End PBXContainerItemProxy section */

/* Begin PBXFileReference section */
		BB27F4711B165F050042F353 /* QuestionsLibrary.swift */ = {isa = PBXFileReference; fileEncoding = 4; lastKnownFileType = sourcecode.swift; path = QuestionsLibrary.swift; sourceTree = "<group>"; };
		BB3140131B34CC4800B47423 /* FuckingWorkAlreadyViewController.swift */ = {isa = PBXFileReference; fileEncoding = 4; lastKnownFileType = sourcecode.swift; path = FuckingWorkAlreadyViewController.swift; sourceTree = "<group>"; };
		BB3140181B34CC7C00B47423 /* Base */ = {isa = PBXFileReference; lastKnownFileType = file.storyboard; name = Base; path = Base.lproj/Main.storyboard; sourceTree = "<group>"; };
		BB60310C1B2126D400340173 /* TwoImagesSelect.swift */ = {isa = PBXFileReference; fileEncoding = 4; lastKnownFileType = sourcecode.swift; path = TwoImagesSelect.swift; sourceTree = "<group>"; };
		BB608F811B14E20A008FB8F6 /* Testing.app */ = {isa = PBXFileReference; explicitFileType = wrapper.application; includeInIndex = 0; path = Testing.app; sourceTree = BUILT_PRODUCTS_DIR; };
		BB608F851B14E20A008FB8F6 /* Info.plist */ = {isa = PBXFileReference; lastKnownFileType = text.plist.xml; path = Info.plist; sourceTree = "<group>"; };
		BB608F861B14E20A008FB8F6 /* AppDelegate.swift */ = {isa = PBXFileReference; lastKnownFileType = sourcecode.swift; path = AppDelegate.swift; sourceTree = "<group>"; };
		BB608F881B14E20A008FB8F6 /* DragAndDrop.swift */ = {isa = PBXFileReference; lastKnownFileType = sourcecode.swift; path = DragAndDrop.swift; sourceTree = "<group>"; };
		BB608F8D1B14E20A008FB8F6 /* Images.xcassets */ = {isa = PBXFileReference; lastKnownFileType = folder.assetcatalog; path = Images.xcassets; sourceTree = "<group>"; };
		BB608F901B14E20A008FB8F6 /* Base */ = {isa = PBXFileReference; lastKnownFileType = file.xib; name = Base; path = Base.lproj/LaunchScreen.xib; sourceTree = "<group>"; };
		BB608F961B14E20A008FB8F6 /* TestingTests.xctest */ = {isa = PBXFileReference; explicitFileType = wrapper.cfbundle; includeInIndex = 0; path = TestingTests.xctest; sourceTree = BUILT_PRODUCTS_DIR; };
		BB608F9B1B14E20A008FB8F6 /* Info.plist */ = {isa = PBXFileReference; lastKnownFileType = text.plist.xml; path = Info.plist; sourceTree = "<group>"; };
		BB608F9C1B14E20A008FB8F6 /* TestingTests.swift */ = {isa = PBXFileReference; lastKnownFileType = sourcecode.swift; path = TestingTests.swift; sourceTree = "<group>"; };
		BBBA84B91B2B4DF800AFC220 /* ThreeImagesSelect.swift */ = {isa = PBXFileReference; fileEncoding = 4; lastKnownFileType = sourcecode.swift; path = ThreeImagesSelect.swift; sourceTree = "<group>"; };
/* End PBXFileReference section */

/* Begin PBXFrameworksBuildPhase section */
		BB608F7E1B14E20A008FB8F6 /* Frameworks */ = {
			isa = PBXFrameworksBuildPhase;
			buildActionMask = 2147483647;
			files = (
			);
			runOnlyForDeploymentPostprocessing = 0;
		};
		BB608F931B14E20A008FB8F6 /* Frameworks */ = {
			isa = PBXFrameworksBuildPhase;
			buildActionMask = 2147483647;
			files = (
			);
			runOnlyForDeploymentPostprocessing = 0;
		};
/* End PBXFrameworksBuildPhase section */

/* Begin PBXGroup section */
		BB608F781B14E20A008FB8F6 = {
			isa = PBXGroup;
			children = (
				BB608F831B14E20A008FB8F6 /* Testing */,
				BB608F991B14E20A008FB8F6 /* TestingTests */,
				BB608F821B14E20A008FB8F6 /* Products */,
			);
			sourceTree = "<group>";
		};
		BB608F821B14E20A008FB8F6 /* Products */ = {
			isa = PBXGroup;
			children = (
				BB608F811B14E20A008FB8F6 /* Testing.app */,
				BB608F961B14E20A008FB8F6 /* TestingTests.xctest */,
			);
			name = Products;
			sourceTree = "<group>";
		};
		BB608F831B14E20A008FB8F6 /* Testing */ = {
			isa = PBXGroup;
			children = (
				BB3140171B34CC7C00B47423 /* Main.storyboard */,
				BB3140131B34CC4800B47423 /* FuckingWorkAlreadyViewController.swift */,
				BB608F861B14E20A008FB8F6 /* AppDelegate.swift */,
				BBBA84B91B2B4DF800AFC220 /* ThreeImagesSelect.swift */,
				BB60310C1B2126D400340173 /* TwoImagesSelect.swift */,
				BB608F881B14E20A008FB8F6 /* DragAndDrop.swift */,
				BB27F4711B165F050042F353 /* QuestionsLibrary.swift */,
				BB608F8D1B14E20A008FB8F6 /* Images.xcassets */,
				BB608F8F1B14E20A008FB8F6 /* LaunchScreen.xib */,
				BB608F841B14E20A008FB8F6 /* Supporting Files */,
			);
			path = Testing;
			sourceTree = "<group>";
		};
		BB608F841B14E20A008FB8F6 /* Supporting Files */ = {
			isa = PBXGroup;
			children = (
				BB608F851B14E20A008FB8F6 /* Info.plist */,
			);
			name = "Supporting Files";
			sourceTree = "<group>";
		};
		BB608F991B14E20A008FB8F6 /* TestingTests */ = {
			isa = PBXGroup;
			children = (
				BB608F9C1B14E20A008FB8F6 /* TestingTests.swift */,
				BB608F9A1B14E20A008FB8F6 /* Supporting Files */,
			);
			path = TestingTests;
			sourceTree = "<group>";
		};
		BB608F9A1B14E20A008FB8F6 /* Supporting Files */ = {
			isa = PBXGroup;
			children = (
				BB608F9B1B14E20A008FB8F6 /* Info.plist */,
			);
			name = "Supporting Files";
			sourceTree = "<group>";
		};
/* End PBXGroup section */

/* Begin PBXNativeTarget section */
		BB608F801B14E20A008FB8F6 /* Testing */ = {
			isa = PBXNativeTarget;
			buildConfigurationList = BB608FA01B14E20A008FB8F6 /* Build configuration list for PBXNativeTarget "Testing" */;
			buildPhases = (
				BB608F7D1B14E20A008FB8F6 /* Sources */,
				BB608F7E1B14E20A008FB8F6 /* Frameworks */,
				BB608F7F1B14E20A008FB8F6 /* Resources */,
			);
			buildRules = (
			);
			dependencies = (
			);
			name = Testing;
			productName = Testing;
			productReference = BB608F811B14E20A008FB8F6 /* Testing.app */;
			productType = "com.apple.product-type.application";
		};
		BB608F951B14E20A008FB8F6 /* TestingTests */ = {
			isa = PBXNativeTarget;
			buildConfigurationList = BB608FA31B14E20A008FB8F6 /* Build configuration list for PBXNativeTarget "TestingTests" */;
			buildPhases = (
				BB608F921B14E20A008FB8F6 /* Sources */,
				BB608F931B14E20A008FB8F6 /* Frameworks */,
				BB608F941B14E20A008FB8F6 /* Resources */,
			);
			buildRules = (
			);
			dependencies = (
				BB608F981B14E20A008FB8F6 /* PBXTargetDependency */,
			);
			name = TestingTests;
			productName = TestingTests;
			productReference = BB608F961B14E20A008FB8F6 /* TestingTests.xctest */;
			productType = "com.apple.product-type.bundle.unit-test";
		};
/* End PBXNativeTarget section */

/* Begin PBXProject section */
		BB608F791B14E20A008FB8F6 /* Project object */ = {
			isa = PBXProject;
			attributes = {
				LastUpgradeCheck = 0630;
				ORGANIZATIONNAME = pathdigger;
				TargetAttributes = {
					BB608F801B14E20A008FB8F6 = {
						CreatedOnToolsVersion = 6.3.2;
					};
					BB608F951B14E20A008FB8F6 = {
						CreatedOnToolsVersion = 6.3.2;
						TestTargetID = BB608F801B14E20A008FB8F6;
					};
				};
			};
			buildConfigurationList = BB608F7C1B14E20A008FB8F6 /* Build configuration list for PBXProject "Testing" */;
			compatibilityVersion = "Xcode 3.2";
			developmentRegion = English;
			hasScannedForEncodings = 0;
			knownRegions = (
				en,
				Base,
			);
			mainGroup = BB608F781B14E20A008FB8F6;
			productRefGroup = BB608F821B14E20A008FB8F6 /* Products */;
			projectDirPath = "";
			projectRoot = "";
			targets = (
				BB608F801B14E20A008FB8F6 /* Testing */,
				BB608F951B14E20A008FB8F6 /* TestingTests */,
			);
		};
/* End PBXProject section */

/* Begin PBXResourcesBuildPhase section */
		BB608F7F1B14E20A008FB8F6 /* Resources */ = {
			isa = PBXResourcesBuildPhase;
			buildActionMask = 2147483647;
			files = (
				BB3140191B34CC7C00B47423 /* Main.storyboard in Resources */,
				BB608F911B14E20A008FB8F6 /* LaunchScreen.xib in Resources */,
				BB608F8E1B14E20A008FB8F6 /* Images.xcassets in Resources */,
			);
			runOnlyForDeploymentPostprocessing = 0;
		};
		BB608F941B14E20A008FB8F6 /* Resources */ = {
			isa = PBXResourcesBuildPhase;
			buildActionMask = 2147483647;
			files = (
			);
			runOnlyForDeploymentPostprocessing = 0;
		};
/* End PBXResourcesBuildPhase section */

/* Begin PBXSourcesBuildPhase section */
		BB608F7D1B14E20A008FB8F6 /* Sources */ = {
			isa = PBXSourcesBuildPhase;
			buildActionMask = 2147483647;
			files = (
				BB60310D1B2126D400340173 /* TwoImagesSelect.swift in Sources */,
				BB608F891B14E20A008FB8F6 /* DragAndDrop.swift in Sources */,
				BB608F871B14E20A008FB8F6 /* AppDelegate.swift in Sources */,
				BB27F4721B165F050042F353 /* QuestionsLibrary.swift in Sources */,
				BB3140141B34CC4800B47423 /* FuckingWorkAlreadyViewController.swift in Sources */,
				BBBA84BA1B2B4DF800AFC220 /* ThreeImagesSelect.swift in Sources */,
			);
			runOnlyForDeploymentPostprocessing = 0;
		};
		BB608F921B14E20A008FB8F6 /* Sources */ = {
			isa = PBXSourcesBuildPhase;
			buildActionMask = 2147483647;
			files = (
				BB608F9D1B14E20A008FB8F6 /* TestingTests.swift in Sources */,
			);
			runOnlyForDeploymentPostprocessing = 0;
		};
/* End PBXSourcesBuildPhase section */

/* Begin PBXTargetDependency section */
		BB608F981B14E20A008FB8F6 /* PBXTargetDependency */ = {
			isa = PBXTargetDependency;
			target = BB608F801B14E20A008FB8F6 /* Testing */;
			targetProxy = BB608F971B14E20A008FB8F6 /* PBXContainerItemProxy */;
		};
/* End PBXTargetDependency section */

/* Begin PBXVariantGroup section */
		BB3140171B34CC7C00B47423 /* Main.storyboard */ = {
			isa = PBXVariantGroup;
			children = (
				BB3140181B34CC7C00B47423 /* Base */,
			);
			name = Main.storyboard;
			sourceTree = "<group>";
		};
		BB608F8F1B14E20A008FB8F6 /* LaunchScreen.xib */ = {
			isa = PBXVariantGroup;
			children = (
				BB608F901B14E20A008FB8F6 /* Base */,
			);
			name = LaunchScreen.xib;
			sourceTree = "<group>";
		};
/* End PBXVariantGroup section */

/* Begin XCBuildConfiguration section */
		BB608F9E1B14E20A008FB8F6 /* Debug */ = {
			isa = XCBuildConfiguration;
			buildSettings = {
				ALWAYS_SEARCH_USER_PATHS = NO;
				CLANG_CXX_LANGUAGE_STANDARD = "gnu++0x";
				CLANG_CXX_LIBRARY = "libc++";
				CLANG_ENABLE_MODULES = YES;
				CLANG_ENABLE_OBJC_ARC = YES;
				CLANG_WARN_BOOL_CONVERSION = YES;
				CLANG_WARN_CONSTANT_CONVERSION = YES;
				CLANG_WARN_DIRECT_OBJC_ISA_USAGE = YES_ERROR;
				CLANG_WARN_EMPTY_BODY = YES;
				CLANG_WARN_ENUM_CONVERSION = YES;
				CLANG_WARN_INT_CONVERSION = YES;
				CLANG_WARN_OBJC_ROOT_CLASS = YES_ERROR;
				CLANG_WARN_UNREACHABLE_CODE = YES;
				CLANG_WARN__DUPLICATE_METHOD_MATCH = YES;
				"CODE_SIGN_IDENTITY[sdk=iphoneos*]" = "iPhone Developer";
				COPY_PHASE_STRIP = NO;
				DEBUG_INFORMATION_FORMAT = "dwarf-with-dsym";
				ENABLE_STRICT_OBJC_MSGSEND = YES;
				GCC_C_LANGUAGE_STANDARD = gnu99;
				GCC_DYNAMIC_NO_PIC = NO;
				GCC_NO_COMMON_BLOCKS = YES;
				GCC_OPTIMIZATION_LEVEL = 0;
				GCC_PREPROCESSOR_DEFINITIONS = (
					"DEBUG=1",
					"$(inherited)",
				);
				GCC_SYMBOLS_PRIVATE_EXTERN = NO;
				GCC_WARN_64_TO_32_BIT_CONVERSION = YES;
				GCC_WARN_ABOUT_RETURN_TYPE = YES_ERROR;
				GCC_WARN_UNDECLARED_SELECTOR = YES;
				GCC_WARN_UNINITIALIZED_AUTOS = YES_AGGRESSIVE;
				GCC_WARN_UNUSED_FUNCTION = YES;
				GCC_WARN_UNUSED_VARIABLE = YES;
				IPHONEOS_DEPLOYMENT_TARGET = 8.3;
				MTL_ENABLE_DEBUG_INFO = YES;
				ONLY_ACTIVE_ARCH = YES;
				SDKROOT = iphoneos;
				SWIFT_OPTIMIZATION_LEVEL = "-Onone";
			};
			name = Debug;
		};
		BB608F9F1B14E20A008FB8F6 /* Release */ = {
			isa = XCBuildConfiguration;
			buildSettings = {
				ALWAYS_SEARCH_USER_PATHS = NO;
				CLANG_CXX_LANGUAGE_STANDARD = "gnu++0x";
				CLANG_CXX_LIBRARY = "libc++";
				CLANG_ENABLE_MODULES = YES;
				CLANG_ENABLE_OBJC_ARC = YES;
				CLANG_WARN_BOOL_CONVERSION = YES;
				CLANG_WARN_CONSTANT_CONVERSION = YES;
				CLANG_WARN_DIRECT_OBJC_ISA_USAGE = YES_ERROR;
				CLANG_WARN_EMPTY_BODY = YES;
				CLANG_WARN_ENUM_CONVERSION = YES;
				CLANG_WARN_INT_CONVERSION = YES;
				CLANG_WARN_OBJC_ROOT_CLASS = YES_ERROR;
				CLANG_WARN_UNREACHABLE_CODE = YES;
				CLANG_WARN__DUPLICATE_METHOD_MATCH = YES;
				"CODE_SIGN_IDENTITY[sdk=iphoneos*]" = "iPhone Developer";
				COPY_PHASE_STRIP = NO;
				DEBUG_INFORMATION_FORMAT = "dwarf-with-dsym";
				ENABLE_NS_ASSERTIONS = NO;
				ENABLE_STRICT_OBJC_MSGSEND = YES;
				GCC_C_LANGUAGE_STANDARD = gnu99;
				GCC_NO_COMMON_BLOCKS = YES;
				GCC_WARN_64_TO_32_BIT_CONVERSION = YES;
				GCC_WARN_ABOUT_RETURN_TYPE = YES_ERROR;
				GCC_WARN_UNDECLARED_SELECTOR = YES;
				GCC_WARN_UNINITIALIZED_AUTOS = YES_AGGRESSIVE;
				GCC_WARN_UNUSED_FUNCTION = YES;
				GCC_WARN_UNUSED_VARIABLE = YES;
				IPHONEOS_DEPLOYMENT_TARGET = 8.3;
				MTL_ENABLE_DEBUG_INFO = NO;
				SDKROOT = iphoneos;
				VALIDATE_PRODUCT = YES;
			};
			name = Release;
		};
		BB608FA11B14E20A008FB8F6 /* Debug */ = {
			isa = XCBuildConfiguration;
			buildSettings = {
				ASSETCATALOG_COMPILER_APPICON_NAME = AppIcon;
				INFOPLIST_FILE = Testing/Info.plist;
				LD_RUNPATH_SEARCH_PATHS = "$(inherited) @executable_path/Frameworks";
				PRODUCT_NAME = "$(TARGET_NAME)";
			};
			name = Debug;
		};
		BB608FA21B14E20A008FB8F6 /* Release */ = {
			isa = XCBuildConfiguration;
			buildSettings = {
				ASSETCATALOG_COMPILER_APPICON_NAME = AppIcon;
				INFOPLIST_FILE = Testing/Info.plist;
				LD_RUNPATH_SEARCH_PATHS = "$(inherited) @executable_path/Frameworks";
				PRODUCT_NAME = "$(TARGET_NAME)";
			};
			name = Release;
		};
		BB608FA41B14E20A008FB8F6 /* Debug */ = {
			isa = XCBuildConfiguration;
			buildSettings = {
				BUNDLE_LOADER = "$(TEST_HOST)";
				FRAMEWORK_SEARCH_PATHS = (
					"$(SDKROOT)/Developer/Library/Frameworks",
					"$(inherited)",
				);
				GCC_PREPROCESSOR_DEFINITIONS = (
					"DEBUG=1",
					"$(inherited)",
				);
				INFOPLIST_FILE = TestingTests/Info.plist;
				LD_RUNPATH_SEARCH_PATHS = "$(inherited) @executable_path/Frameworks @loader_path/Frameworks";
				PRODUCT_NAME = "$(TARGET_NAME)";
				TEST_HOST = "$(BUILT_PRODUCTS_DIR)/Testing.app/Testing";
			};
			name = Debug;
		};
		BB608FA51B14E20A008FB8F6 /* Release */ = {
			isa = XCBuildConfiguration;
			buildSettings = {
				BUNDLE_LOADER = "$(TEST_HOST)";
				FRAMEWORK_SEARCH_PATHS = (
					"$(SDKROOT)/Developer/Library/Frameworks",
					"$(inherited)",
				);
				INFOPLIST_FILE = TestingTests/Info.plist;
				LD_RUNPATH_SEARCH_PATHS = "$(inherited) @executable_path/Frameworks @loader_path/Frameworks";
				PRODUCT_NAME = "$(TARGET_NAME)";
				TEST_HOST = "$(BUILT_PRODUCTS_DIR)/Testing.app/Testing";
			};
			name = Release;
		};
/* End XCBuildConfiguration section */

/* Begin XCConfigurationList section */
		BB608F7C1B14E20A008FB8F6 /* Build configuration list for PBXProject "Testing" */ = {
			isa = XCConfigurationList;
			buildConfigurations = (
				BB608F9E1B14E20A008FB8F6 /* Debug */,
				BB608F9F1B14E20A008FB8F6 /* Release */,
			);
			defaultConfigurationIsVisible = 0;
			defaultConfigurationName = Release;
		};
		BB608FA01B14E20A008FB8F6 /* Build configuration list for PBXNativeTarget "Testing" */ = {
			isa = XCConfigurationList;
			buildConfigurations = (
				BB608FA11B14E20A008FB8F6 /* Debug */,
				BB608FA21B14E20A008FB8F6 /* Release */,
			);
			defaultConfigurationIsVisible = 0;
			defaultConfigurationName = Release;
		};
		BB608FA31B14E20A008FB8F6 /* Build configuration list for PBXNativeTarget "TestingTests" */ = {
			isa = XCConfigurationList;
			buildConfigurations = (
				BB608FA41B14E20A008FB8F6 /* Debug */,
				BB608FA51B14E20A008FB8F6 /* Release */,
			);
			defaultConfigurationIsVisible = 0;
			defaultConfigurationName = Release;
		};
/* End XCConfigurationList section */
	};
	rootObject = BB608F791B14E20A008FB8F6 /* Project object */;
}
